
Microsoft Visual Studio Solution File, Format Version 12.00
# Visual Studio Version 17
VisualStudioVersion = 17.0.31903.59
MinimumVisualStudioVersion = 10.0.40219.1
Project("{FAE04EC0-301F-11D3-BF4B-00C04F79EFBC}") = "QLDA.WebApi", "QLDA.WebApi\QLDA.WebApi.csproj", "{FFA81361-9219-4C27-B836-C129363DE894}"
EndProject
Project("{FAE04EC0-301F-11D3-BF4B-00C04F79EFBC}") = "QLDA.Application", "QLDA.Application\QLDA.Application.csproj", "{4FE1E666-897D-44D6-AFB4-6522EFECB7A1}"
EndProject
Project("{FAE04EC0-301F-11D3-BF4B-00C04F79EFBC}") = "QLDA.Domain", "QLDA.Domain\QLDA.Domain.csproj", "{49522CC7-2577-4E09-AFEB-B6EA0963E151}"
EndProject
Project("{FAE04EC0-301F-11D3-BF4B-00C04F79EFBC}") = "QLDA.Infrastructure", "QLDA.Infrastructure\QLDA.Infrastructure.csproj", "{0F8AF643-91D7-4A26-B8CC-7689FBBCFD8A}"
EndProject
Project("{2150E333-8FDC-42A3-9474-1A3956D46DE8}") = "Core", "Core", "{89DFF5E6-45D5-448E-A0A0-388D4548FA62}"
EndProject
Project("{2150E333-8FDC-42A3-9474-1A3956D46DE8}") = "Infrastructure", "Infrastructure", "{6E164FB8-8EC8-490B-9966-E08663735E43}"
EndProject
Project("{FAE04EC0-301F-11D3-BF4B-00C04F79EFBC}") = "QLDA.Persistence", "QLDA.Persistence\QLDA.Persistence.csproj", "{48EC7BF2-D5A2-4945-865D-3F002C2B2C3A}"
EndProject
Project("{2150E333-8FDC-42A3-9474-1A3956D46DE8}") = "Presentation", "Presentation", "{F15A8C7A-188C-4792-8D74-1CE2A23EC47C}"
EndProject
Project("{FAE04EC0-301F-11D3-BF4B-00C04F79EFBC}") = "QLDA.Migrator", "QLDA.Migrator\QLDA.Migrator.csproj", "{6CDFF5F5-942F-4A20-86E0-9A57076EA1A6}"
EndProject
Project("{2150E333-8FDC-42A3-9474-1A3956D46DE8}") = "BuildingBlocks", "BuildingBlocks", "{DC2676B7-23B6-41F3-B706-AAD036A41F2D}"
EndProject
Project("{FAE04EC0-301F-11D3-BF4B-00C04F79EFBC}") = "BuildingBlocks.Application", "BuildingBlocks\src\BuildingBlocks.Application\BuildingBlocks.Application.csproj", "{A1FE1E66-897D-44D6-AFB4-6522EFECB7A1}"
EndProject
Project("{FAE04EC0-301F-11D3-BF4B-00C04F79EFBC}") = "BuildingBlocks.Domain", "BuildingBlocks\src\BuildingBlocks.Domain\BuildingBlocks.Domain.csproj", "{A29522CC-2577-4E09-AFEB-B6EA0963E151}"
EndProject
Project("{FAE04EC0-301F-11D3-BF4B-00C04F79EFBC}") = "BuildingBlocks.Infrastructure", "BuildingBlocks\src\BuildingBlocks.Infrastructure\BuildingBlocks.Infrastructure.csproj", "{A0F8AF64-91D7-4A26-B8CC-7689FBBCFD8A}"
EndProject
Project("{FAE04EC0-301F-11D3-BF4B-00C04F79EFBC}") = "BuildingBlocks.Persistence", "BuildingBlocks\src\BuildingBlocks.Persistence\BuildingBlocks.Persistence.csproj", "{A48EC7BF-D5A2-4945-865D-3F002C2B2C3A}"
EndProject
Project("{FAE04EC0-301F-11D3-BF4B-00C04F79EFBC}") = "BuildingBlocks.CrossCutting", "BuildingBlocks\src\BuildingBlocks.CrossCutting\BuildingBlocks.CrossCutting.csproj", "{A5E41988-B83C-4176-8760-7A1B64C5281B}"
EndProject
Project("{2150E333-8FDC-42A3-9474-1A3956D46DE8}") = "tests", "tests", "{0AB3BF05-4346-4AA6-1389-037BE0695223}"
EndProject
Project("{FAE04EC0-301F-11D3-BF4B-00C04F79EFBC}") = "QLDA.Tests", "QLDA.Tests\QLDA.Tests.csproj", "{7B6191A7-05F9-42CB-BE37-BE022C290CA1}"
EndProject
Project("{2150E333-8FDC-42A3-9474-1A3956D46DE8}") = "QLDA.FakeDataTool", "QLDA.FakeDataTool", "{0FA19977-F0B8-840A-475E-5F169C532CC0}"
EndProject
Project("{FAE04EC0-301F-11D3-BF4B-00C04F79EFBC}") = "FakeDataTool", "QLDA.FakeDataTool\FakeDataTool.csproj", "{61EA9C21-25AE-4979-ACDD-2DD81976164A}"
EndProject
Global
	GlobalSection(SolutionConfigurationPlatforms) = preSolution
		Debug|Any CPU = Debug|Any CPU
		Debug|x64 = Debug|x64
		Debug|x86 = Debug|x86
		Release|Any CPU = Release|Any CPU
		Release|x64 = Release|x64
		Release|x86 = Release|x86
	EndGlobalSection
	GlobalSection(ProjectConfigurationPlatforms) = postSolution
		{FFA81361-9219-4C27-B836-C129363DE894}.Debug|Any CPU.ActiveCfg = Debug|Any CPU
		{FFA81361-9219-4C27-B836-C129363DE894}.Debug|Any CPU.Build.0 = Debug|Any CPU
		{FFA81361-9219-4C27-B836-C129363DE894}.Debug|x64.ActiveCfg = Debug|Any CPU
		{FFA81361-9219-4C27-B836-C129363DE894}.Debug|x64.Build.0 = Debug|Any CPU
		{FFA81361-9219-4C27-B836-C129363DE894}.Debug|x86.ActiveCfg = Debug|Any CPU
		{FFA81361-9219-4C27-B836-C129363DE894}.Debug|x86.Build.0 = Debug|Any CPU
		{FFA81361-9219-4C27-B836-C129363DE894}.Release|Any CPU.ActiveCfg = Release|Any CPU
		{FFA81361-9219-4C27-B836-C129363DE894}.Release|Any CPU.Build.0 = Release|Any CPU
		{FFA81361-9219-4C27-B836-C129363DE894}.Release|x64.ActiveCfg = Release|Any CPU
		{FFA81361-9219-4C27-B836-C129363DE894}.Release|x64.Build.0 = Release|Any CPU
		{FFA81361-9219-4C27-B836-C129363DE894}.Release|x86.ActiveCfg = Release|Any CPU
		{FFA81361-9219-4C27-B836-C129363DE894}.Release|x86.Build.0 = Release|Any CPU
		{4FE1E666-897D-44D6-AFB4-6522EFECB7A1}.Debug|Any CPU.ActiveCfg = Debug|Any CPU
		{4FE1E666-897D-44D6-AFB4-6522EFECB7A1}.Debug|Any CPU.Build.0 = Debug|Any CPU
		{4FE1E666-897D-44D6-AFB4-6522EFECB7A1}.Debug|x64.ActiveCfg = Debug|Any CPU
		{4FE1E666-897D-44D6-AFB4-6522EFECB7A1}.Debug|x64.Build.0 = Debug|Any CPU
		{4FE1E666-897D-44D6-AFB4-6522EFECB7A1}.Debug|x86.ActiveCfg = Debug|Any CPU
		{4FE1E666-897D-44D6-AFB4-6522EFECB7A1}.Debug|x86.Build.0 = Debug|Any CPU
		{4FE1E666-897D-44D6-AFB4-6522EFECB7A1}.Release|Any CPU.ActiveCfg = Release|Any CPU
		{4FE1E666-897D-44D6-AFB4-6522EFECB7A1}.Release|Any CPU.Build.0 = Release|Any CPU
		{4FE1E666-897D-44D6-AFB4-6522EFECB7A1}.Release|x64.ActiveCfg = Release|Any CPU
		{4FE1E666-897D-44D6-AFB4-6522EFECB7A1}.Release|x64.Build.0 = Release|Any CPU
		{4FE1E666-897D-44D6-AFB4-6522EFECB7A1}.Release|x86.ActiveCfg = Release|Any CPU
		{4FE1E666-897D-44D6-AFB4-6522EFECB7A1}.Release|x86.Build.0 = Release|Any CPU
		{49522CC7-2577-4E09-AFEB-B6EA0963E151}.Debug|Any CPU.ActiveCfg = Debug|Any CPU
		{49522CC7-2577-4E09-AFEB-B6EA0963E151}.Debug|Any CPU.Build.0 = Debug|Any CPU
		{49522CC7-2577-4E09-AFEB-B6EA0963E151}.Debug|x64.ActiveCfg = Debug|Any CPU
		{49522CC7-2577-4E09-AFEB-B6EA0963E151}.Debug|x64.Build.0 = Debug|Any CPU
		{49522CC7-2577-4E09-AFEB-B6EA0963E151}.Debug|x86.ActiveCfg = Debug|Any CPU
		{49522CC7-2577-4E09-AFEB-B6EA0963E151}.Debug|x86.Build.0 = Debug|Any CPU
		{49522CC7-2577-4E09-AFEB-B6EA0963E151}.Release|Any CPU.ActiveCfg = Release|Any CPU
		{49522CC7-2577-4E09-AFEB-B6EA0963E151}.Release|Any CPU.Build.0 = Release|Any CPU
		{49522CC7-2577-4E09-AFEB-B6EA0963E151}.Release|x64.ActiveCfg = Release|Any CPU
		{49522CC7-2577-4E09-AFEB-B6EA0963E151}.Release|x64.Build.0 = Release|Any CPU
		{49522CC7-2577-4E09-AFEB-B6EA0963E151}.Release|x86.ActiveCfg = Release|Any CPU
		{49522CC7-2577-4E09-AFEB-B6EA0963E151}.Release|x86.Build.0 = Release|Any CPU
		{0F8AF643-91D7-4A26-B8CC-7689FBBCFD8A}.Debug|Any CPU.ActiveCfg = Debug|Any CPU
		{0F8AF643-91D7-4A26-B8CC-7689FBBCFD8A}.Debug|Any CPU.Build.0 = Debug|Any CPU
		{0F8AF643-91D7-4A26-B8CC-7689FBBCFD8A}.Debug|x64.ActiveCfg = Debug|Any CPU
		{0F8AF643-91D7-4A26-B8CC-7689FBBCFD8A}.Debug|x64.Build.0 = Debug|Any CPU
		{0F8AF643-91D7-4A26-B8CC-7689FBBCFD8A}.Debug|x86.ActiveCfg = Debug|Any CPU
		{0F8AF643-91D7-4A26-B8CC-7689FBBCFD8A}.Debug|x86.Build.0 = Debug|Any CPU
		{0F8AF643-91D7-4A26-B8CC-7689FBBCFD8A}.Release|Any CPU.ActiveCfg = Release|Any CPU
		{0F8AF643-91D7-4A26-B8CC-7689FBBCFD8A}.Release|Any CPU.Build.0 = Release|Any CPU
		{0F8AF643-91D7-4A26-B8CC-7689FBBCFD8A}.Release|x64.ActiveCfg = Release|Any CPU
		{0F8AF643-91D7-4A26-B8CC-7689FBBCFD8A}.Release|x64.Build.0 = Release|Any CPU
		{0F8AF643-91D7-4A26-B8CC-7689FBBCFD8A}.Release|x86.ActiveCfg = Release|Any CPU
		{0F8AF643-91D7-4A26-B8CC-7689FBBCFD8A}.Release|x86.Build.0 = Release|Any CPU
		{48EC7BF2-D5A2-4945-865D-3F002C2B2C3A}.Debug|Any CPU.ActiveCfg = Debug|Any CPU
		{48EC7BF2-D5A2-4945-865D-3F002C2B2C3A}.Debug|Any CPU.Build.0 = Debug|Any CPU
		{48EC7BF2-D5A2-4945-865D-3F002C2B2C3A}.Debug|x64.ActiveCfg = Debug|Any CPU
		{48EC7BF2-D5A2-4945-865D-3F002C2B2C3A}.Debug|x64.Build.0 = Debug|Any CPU
		{48EC7BF2-D5A2-4945-865D-3F002C2B2C3A}.Debug|x86.ActiveCfg = Debug|Any CPU
		{48EC7BF2-D5A2-4945-865D-3F002C2B2C3A}.Debug|x86.Build.0 = Debug|Any CPU
		{48EC7BF2-D5A2-4945-865D-3F002C2B2C3A}.Release|Any CPU.ActiveCfg = Release|Any CPU
		{48EC7BF2-D5A2-4945-865D-3F002C2B2C3A}.Release|Any CPU.Build.0 = Release|Any CPU
		{48EC7BF2-D5A2-4945-865D-3F002C2B2C3A}.Release|x64.ActiveCfg = Release|Any CPU
		{48EC7BF2-D5A2-4945-865D-3F002C2B2C3A}.Release|x64.Build.0 = Release|Any CPU
		{48EC7BF2-D5A2-4945-865D-3F002C2B2C3A}.Release|x86.ActiveCfg = Release|Any CPU
		{48EC7BF2-D5A2-4945-865D-3F002C2B2C3A}.Release|x86.Build.0 = Release|Any CPU
		{6CDFF5F5-942F-4A20-86E0-9A57076EA1A6}.Debug|Any CPU.ActiveCfg = Debug|Any CPU
		{6CDFF5F5-942F-4A20-86E0-9A57076EA1A6}.Debug|Any CPU.Build.0 = Debug|Any CPU
		{6CDFF5F5-942F-4A20-86E0-9A57076EA1A6}.Debug|x64.ActiveCfg = Debug|Any CPU
		{6CDFF5F5-942F-4A20-86E0-9A57076EA1A6}.Debug|x64.Build.0 = Debug|Any CPU
		{6CDFF5F5-942F-4A20-86E0-9A57076EA1A6}.Debug|x86.ActiveCfg = Debug|Any CPU
		{6CDFF5F5-942F-4A20-86E0-9A57076EA1A6}.Debug|x86.Build.0 = Debug|Any CPU
		{6CDFF5F5-942F-4A20-86E0-9A57076EA1A6}.Release|Any CPU.ActiveCfg = Release|Any CPU
		{6CDFF5F5-942F-4A20-86E0-9A57076EA1A6}.Release|Any CPU.Build.0 = Release|Any CPU
		{6CDFF5F5-942F-4A20-86E0-9A57076EA1A6}.Release|x64.ActiveCfg = Release|Any CPU
		{6CDFF5F5-942F-4A20-86E0-9A57076EA1A6}.Release|x64.Build.0 = Release|Any CPU
		{6CDFF5F5-942F-4A20-86E0-9A57076EA1A6}.Release|x86.ActiveCfg = Release|Any CPU
		{6CDFF5F5-942F-4A20-86E0-9A57076EA1A6}.Release|x86.Build.0 = Release|Any CPU
		{A1FE1E66-897D-44D6-AFB4-6522EFECB7A1}.Debug|Any CPU.ActiveCfg = Debug|Any CPU
		{A1FE1E66-897D-44D6-AFB4-6522EFECB7A1}.Debug|Any CPU.Build.0 = Debug|Any CPU
		{A1FE1E66-897D-44D6-AFB4-6522EFECB7A1}.Release|Any CPU.ActiveCfg = Release|Any CPU
		{A1FE1E66-897D-44D6-AFB4-6522EFECB7A1}.Release|Any CPU.Build.0 = Release|Any CPU
		{A29522CC-2577-4E09-AFEB-B6EA0963E151}.Debug|Any CPU.ActiveCfg = Debug|Any CPU
		{A29522CC-2577-4E09-AFEB-B6EA0963E151}.Debug|Any CPU.Build.0 = Debug|Any CPU
		{A29522CC-2577-4E09-AFEB-B6EA0963E151}.Release|Any CPU.ActiveCfg = Release|Any CPU
		{A29522CC-2577-4E09-AFEB-B6EA0963E151}.Release|Any CPU.Build.0 = Release|Any CPU
		{A0F8AF64-91D7-4A26-B8CC-7689FBBCFD8A}.Debug|Any CPU.ActiveCfg = Debug|Any CPU
		{A0F8AF64-91D7-4A26-B8CC-7689FBBCFD8A}.Debug|Any CPU.Build.0 = Debug|Any CPU
		{A0F8AF64-91D7-4A26-B8CC-7689FBBCFD8A}.Release|Any CPU.ActiveCfg = Release|Any CPU
		{A0F8AF64-91D7-4A26-B8CC-7689FBBCFD8A}.Release|Any CPU.Build.0 = Release|Any CPU
		{A48EC7BF-D5A2-4945-865D-3F002C2B2C3A}.Debug|Any CPU.ActiveCfg = Debug|Any CPU
		{A48EC7BF-D5A2-4945-865D-3F002C2B2C3A}.Debug|Any CPU.Build.0 = Debug|Any CPU
		{A48EC7BF-D5A2-4945-865D-3F002C2B2C3A}.Release|Any CPU.ActiveCfg = Release|Any CPU
		{A48EC7BF-D5A2-4945-865D-3F002C2B2C3A}.Release|Any CPU.Build.0 = Release|Any CPU
		{A5E41988-B83C-4176-8760-7A1B64C5281B}.Debug|Any CPU.ActiveCfg = Debug|Any CPU
		{A5E41988-B83C-4176-8760-7A1B64C5281B}.Debug|Any CPU.Build.0 = Debug|Any CPU
		{A5E41988-B83C-4176-8760-7A1B64C5281B}.Release|Any CPU.ActiveCfg = Release|Any CPU
		{A5E41988-B83C-4176-8760-7A1B64C5281B}.Release|Any CPU.Build.0 = Release|Any CPU
		{7B6191A7-05F9-42CB-BE37-BE022C290CA1}.Debug|Any CPU.ActiveCfg = Debug|Any CPU
		{7B6191A7-05F9-42CB-BE37-BE022C290CA1}.Debug|Any CPU.Build.0 = Debug|Any CPU
		{7B6191A7-05F9-42CB-BE37-BE022C290CA1}.Debug|x64.ActiveCfg = Debug|Any CPU
		{7B6191A7-05F9-42CB-BE37-BE022C290CA1}.Debug|x64.Build.0 = Debug|Any CPU
		{7B6191A7-05F9-42CB-BE37-BE022C290CA1}.Debug|x86.ActiveCfg = Debug|Any CPU
		{7B6191A7-05F9-42CB-BE37-BE022C290CA1}.Debug|x86.Build.0 = Debug|Any CPU
		{7B6191A7-05F9-42CB-BE37-BE022C290CA1}.Release|Any CPU.ActiveCfg = Release|Any CPU
		{7B6191A7-05F9-42CB-BE37-BE022C290CA1}.Release|Any CPU.Build.0 = Release|Any CPU
		{7B6191A7-05F9-42CB-BE37-BE022C290CA1}.Release|x64.ActiveCfg = Release|Any CPU
		{7B6191A7-05F9-42CB-BE37-BE022C290CA1}.Release|x64.Build.0 = Release|Any CPU
		{7B6191A7-05F9-42CB-BE37-BE022C290CA1}.Release|x86.ActiveCfg = Release|Any CPU
		{7B6191A7-05F9-42CB-BE37-BE022C290CA1}.Release|x86.Build.0 = Release|Any CPU
		{61EA9C21-25AE-4979-ACDD-2DD81976164A}.Debug|Any CPU.ActiveCfg = Debug|Any CPU
		{61EA9C21-25AE-4979-ACDD-2DD81976164A}.Debug|Any CPU.Build.0 = Debug|Any CPU
		{61EA9C21-25AE-4979-ACDD-2DD81976164A}.Debug|x64.ActiveCfg = Debug|Any CPU
		{61EA9C21-25AE-4979-ACDD-2DD81976164A}.Debug|x64.Build.0 = Debug|Any CPU
		{61EA9C21-25AE-4979-ACDD-2DD81976164A}.Debug|x86.ActiveCfg = Debug|Any CPU
		{61EA9C21-25AE-4979-ACDD-2DD81976164A}.Debug|x86.Build.0 = Debug|Any CPU
		{61EA9C21-25AE-4979-ACDD-2DD81976164A}.Release|Any CPU.ActiveCfg = Release|Any CPU
		{61EA9C21-25AE-4979-ACDD-2DD81976164A}.Release|Any CPU.Build.0 = Release|Any CPU
		{61EA9C21-25AE-4979-ACDD-2DD81976164A}.Release|x64.ActiveCfg = Release|Any CPU
		{61EA9C21-25AE-4979-ACDD-2DD81976164A}.Release|x64.Build.0 = Release|Any CPU
		{61EA9C21-25AE-4979-ACDD-2DD81976164A}.Release|x86.ActiveCfg = Release|Any CPU
		{61EA9C21-25AE-4979-ACDD-2DD81976164A}.Release|x86.Build.0 = Release|Any CPU
	EndGlobalSection
	GlobalSection(SolutionProperties) = preSolution
		HideSolutionNode = FALSE
	EndGlobalSection
	GlobalSection(NestedProjects) = preSolution
		{FFA81361-9219-4C27-B836-C129363DE894} = {F15A8C7A-188C-4792-8D74-1CE2A23EC47C}
		{4FE1E666-897D-44D6-AFB4-6522EFECB7A1} = {89DFF5E6-45D5-448E-A0A0-388D4548FA62}
		{49522CC7-2577-4E09-AFEB-B6EA0963E151} = {89DFF5E6-45D5-448E-A0A0-388D4548FA62}
		{0F8AF643-91D7-4A26-B8CC-7689FBBCFD8A} = {6E164FB8-8EC8-490B-9966-E08663735E43}
		{48EC7BF2-D5A2-4945-865D-3F002C2B2C3A} = {6E164FB8-8EC8-490B-9966-E08663735E43}
		{6CDFF5F5-942F-4A20-86E0-9A57076EA1A6} = {F15A8C7A-188C-4792-8D74-1CE2A23EC47C}
		{A1FE1E66-897D-44D6-AFB4-6522EFECB7A1} = {DC2676B7-23B6-41F3-B706-AAD036A41F2D}
		{A29522CC-2577-4E09-AFEB-B6EA0963E151} = {DC2676B7-23B6-41F3-B706-AAD036A41F2D}
		{A0F8AF64-91D7-4A26-B8CC-7689FBBCFD8A} = {DC2676B7-23B6-41F3-B706-AAD036A41F2D}
		{A48EC7BF-D5A2-4945-865D-3F002C2B2C3A} = {DC2676B7-23B6-41F3-B706-AAD036A41F2D}
		{A5E41988-B83C-4176-8760-7A1B64C5281B} = {DC2676B7-23B6-41F3-B706-AAD036A41F2D}
		{7B6191A7-05F9-42CB-BE37-BE022C290CA1} = {0AB3BF05-4346-4AA6-1389-037BE0695223}
		{61EA9C21-25AE-4979-ACDD-2DD81976164A} = {0FA19977-F0B8-840A-475E-5F169C532CC0}
	EndGlobalSection
EndGlobal
