Microsoft Visual Studio Solution File, Format Version 12.00
# Visual Studio Version 17
VisualStudioVersion = 17.5.2.0
MinimumVisualStudioVersion = 10.0.40219.1
Project("{FAE04EC0-301F-11D3-BF4B-00C04F79EFBC}") = "QLHD.Application", "QLHD.Application\QLHD.Application.csproj", "{53CB91F2-5CCC-2086-B599-85322783566D}"
EndProject
Project("{FAE04EC0-301F-11D3-BF4B-00C04F79EFBC}") = "QLHD.Domain", "QLHD.Domain\QLHD.Domain.csproj", "{43262A55-54B2-47DB-715C-9F989E807D8C}"
EndProject
Project("{FAE04EC0-301F-11D3-BF4B-00C04F79EFBC}") = "QLHD.Infrastructure", "QLHD.Infrastructure\QLHD.Infrastructure.csproj", "{533BA3DE-9875-7FEB-D391-3A84F0D2B35D}"
EndProject
Project("{FAE04EC0-301F-11D3-BF4B-00C04F79EFBC}") = "QLHD.Migrator", "QLHD.Migrator\QLHD.Migrator.csproj", "{07CA9CD9-00E0-07A5-25E0-4A383B0DE62A}"
EndProject
Project("{FAE04EC0-301F-11D3-BF4B-00C04F79EFBC}") = "QLHD.Persistence", "QLHD.Persistence\QLHD.Persistence.csproj", "{4CB2106B-A891-2F65-71E5-87652FFA0CCC}"
EndProject
Project("{FAE04EC0-301F-11D3-BF4B-00C04F79EFBC}") = "QLHD.WebApi", "QLHD.WebApi\QLHD.WebApi.csproj", "{2A9078D5-2E35-9814-89AB-738BC343B800}"
EndProject
Global
	GlobalSection(SolutionConfigurationPlatforms) = preSolution
		Debug|Any CPU = Debug|Any CPU
		Release|Any CPU = Release|Any CPU
	EndGlobalSection
	GlobalSection(ProjectConfigurationPlatforms) = postSolution
		{53CB91F2-5CCC-2086-B599-85322783566D}.Debug|Any CPU.ActiveCfg = Debug|Any CPU
		{53CB91F2-5CCC-2086-B599-85322783566D}.Debug|Any CPU.Build.0 = Debug|Any CPU
		{53CB91F2-5CCC-2086-B599-85322783566D}.Release|Any CPU.ActiveCfg = Release|Any CPU
		{53CB91F2-5CCC-2086-B599-85322783566D}.Release|Any CPU.Build.0 = Release|Any CPU
		{43262A55-54B2-47DB-715C-9F989E807D8C}.Debug|Any CPU.ActiveCfg = Debug|Any CPU
		{43262A55-54B2-47DB-715C-9F989E807D8C}.Debug|Any CPU.Build.0 = Debug|Any CPU
		{43262A55-54B2-47DB-715C-9F989E807D8C}.Release|Any CPU.ActiveCfg = Release|Any CPU
		{43262A55-54B2-47DB-715C-9F989E807D8C}.Release|Any CPU.Build.0 = Release|Any CPU
		{533BA3DE-9875-7FEB-D391-3A84F0D2B35D}.Debug|Any CPU.ActiveCfg = Debug|Any CPU
		{533BA3DE-9875-7FEB-D391-3A84F0D2B35D}.Debug|Any CPU.Build.0 = Debug|Any CPU
		{533BA3DE-9875-7FEB-D391-3A84F0D2B35D}.Release|Any CPU.ActiveCfg = Release|Any CPU
		{533BA3DE-9875-7FEB-D391-3A84F0D2B35D}.Release|Any CPU.Build.0 = Release|Any CPU
		{07CA9CD9-00E0-07A5-25E0-4A383B0DE62A}.Debug|Any CPU.ActiveCfg = Debug|Any CPU
		{07CA9CD9-00E0-07A5-25E0-4A383B0DE62A}.Debug|Any CPU.Build.0 = Debug|Any CPU
		{07CA9CD9-00E0-07A5-25E0-4A383B0DE62A}.Release|Any CPU.ActiveCfg = Release|Any CPU
		{07CA9CD9-00E0-07A5-25E0-4A383B0DE62A}.Release|Any CPU.Build.0 = Release|Any CPU
		{4CB2106B-A891-2F65-71E5-87652FFA0CCC}.Debug|Any CPU.ActiveCfg = Debug|Any CPU
		{4CB2106B-A891-2F65-71E5-87652FFA0CCC}.Debug|Any CPU.Build.0 = Debug|Any CPU
		{4CB2106B-A891-2F65-71E5-87652FFA0CCC}.Release|Any CPU.ActiveCfg = Release|Any CPU
		{4CB2106B-A891-2F65-71E5-87652FFA0CCC}.Release|Any CPU.Build.0 = Release|Any CPU
		{2A9078D5-2E35-9814-89AB-738BC343B800}.Debug|Any CPU.ActiveCfg = Debug|Any CPU
		{2A9078D5-2E35-9814-89AB-738BC343B800}.Debug|Any CPU.Build.0 = Debug|Any CPU
		{2A9078D5-2E35-9814-89AB-738BC343B800}.Release|Any CPU.ActiveCfg = Release|Any CPU
		{2A9078D5-2E35-9814-89AB-738BC343B800}.Release|Any CPU.Build.0 = Release|Any CPU
	EndGlobalSection
	GlobalSection(SolutionProperties) = preSolution
		HideSolutionNode = FALSE
	EndGlobalSection
	GlobalSection(ExtensibilityGlobals) = postSolution
		SolutionGuid = {C14054A7-36D3-4FD6-B2B5-9D91777ECCED}
	EndGlobalSection
EndGlobal
