
Microsoft Visual Studio Solution File, Format Version 12.00
# Visual Studio Version 17
VisualStudioVersion = 17.5.2.0
MinimumVisualStudioVersion = 10.0.40219.1
Project("{2150E333-8FDC-42A3-9474-1A3956D46DE8}") = "src", "src", "{827E0CD3-B72D-47B6-A68D-7590B98EB39B}"
EndProject
Project("{2150E333-8FDC-42A3-9474-1A3956D46DE8}") = "tests", "tests", "{0AB3BF05-4346-4AA6-1389-037BE0695223}"
EndProject
Project("{FAE04EC0-301F-11D3-BF4B-00C04F79EFBC}") = "BuildingBlocks.Application", "src\BuildingBlocks.Application\BuildingBlocks.Application.csproj", "{C94C5CC2-7816-2076-2FE0-BA0AFEFB4332}"
EndProject
Project("{FAE04EC0-301F-11D3-BF4B-00C04F79EFBC}") = "BuildingBlocks.CrossCutting", "src\BuildingBlocks.CrossCutting\BuildingBlocks.CrossCutting.csproj", "{23326F2B-BD93-DFD6-BDBE-B5480DD7DBB0}"
EndProject
Project("{FAE04EC0-301F-11D3-BF4B-00C04F79EFBC}") = "BuildingBlocks.Domain", "src\BuildingBlocks.Domain\BuildingBlocks.Domain.csproj", "{738DBA8B-1E62-EA99-91EF-DA0B585CC211}"
EndProject
Project("{FAE04EC0-301F-11D3-BF4B-00C04F79EFBC}") = "BuildingBlocks.Infrastructure", "src\BuildingBlocks.Infrastructure\BuildingBlocks.Infrastructure.csproj", "{C5799F08-E1BD-617B-613A-8E494769E3B8}"
EndProject
Project("{FAE04EC0-301F-11D3-BF4B-00C04F79EFBC}") = "BuildingBlocks.Persistence", "src\BuildingBlocks.Persistence\BuildingBlocks.Persistence.csproj", "{7BE1331D-2160-DE0E-D423-97F58797FECC}"
EndProject
Project("{2150E333-8FDC-42A3-9474-1A3956D46DE8}") = "BuildingBlocks.Tests", "BuildingBlocks.Tests", "{6FFD21C0-DA4E-B981-CA12-13A2BA80B67B}"
EndProject
Project("{FAE04EC0-301F-11D3-BF4B-00C04F79EFBC}") = "SharedKernel.Tests", "tests\BuildingBlocks.Tests\SharedKernel.Tests.csproj", "{D5DEA6B0-3371-AAFC-5EB0-6B15A65EE263}"
EndProject
Project("{FAE04EC0-301F-11D3-BF4B-00C04F79EFBC}") = "QLHD.Tests", "tests\QLHD.Tests\QLHD.Tests.csproj", "{E1F2A3B4-C5D6-7890-ABCD-EF123456789A}"
EndProject
Project("{2150E333-8FDC-42A3-9474-1A3956D46DE8}") = "Solution Items", "Solution Items", "{A1B2C3D4-E5F6-7890-ABCD-EF1234567890}"
	ProjectSection(SolutionItems) = preProject
		CLAUDE.md = CLAUDE.md
		Directory.Build.props = Directory.Build.props
	EndProjectSection
EndProject
Project("{2150E333-8FDC-42A3-9474-1A3956D46DE8}") = "docs", "docs", "{208BA388-4CEE-2CBF-559C-5607C099C1F8}"
	ProjectSection(SolutionItems) = preProject
		docs\audit-control-guide.md = docs\audit-control-guide.md
		docs\code-standards.md = docs\code-standards.md
		docs\codebase-summary.md = docs\codebase-summary.md
		docs\development-roadmap.md = docs\development-roadmap.md
		docs\project-overview-pdr.md = docs\project-overview-pdr.md
		docs\system-architecture.md = docs\system-architecture.md
	EndProjectSection
EndProject
Project("{2150E333-8FDC-42A3-9474-1A3956D46DE8}") = "modules", "modules", "{E9E94AA6-573E-4D3C-B69D-A7426A040983}"
EndProject
Project("{2150E333-8FDC-42A3-9474-1A3956D46DE8}") = "DVDC", "DVDC", "{D1E2F3A4-B5C6-7D8E-9F0A-1B2C3D4E5F6A}"
EndProject
Project("{FAE04EC0-301F-11D3-BF4B-00C04F79EFBC}") = "DVDC.Domain", "..\DichVuDungChung\SER\DVDC.Domain\DVDC.Domain.csproj", "{A1B2C3D4-E5F6-7890-ABCD-EF1234567891}"
EndProject
Project("{FAE04EC0-301F-11D3-BF4B-00C04F79EFBC}") = "DVDC.Application", "..\DichVuDungChung\SER\DVDC.Application\DVDC.Application.csproj", "{A2B3C4D5-E6F7-8901-BCDE-F12345678902}"
EndProject
Project("{FAE04EC0-301F-11D3-BF4B-00C04F79EFBC}") = "DVDC.Persistence", "..\DichVuDungChung\SER\DVDC.Persistence\DVDC.Persistence.csproj", "{A3B4C5D6-E7F8-9012-CDEF-123456789013}"
EndProject
Project("{FAE04EC0-301F-11D3-BF4B-00C04F79EFBC}") = "DVDC.Infrastructure", "..\DichVuDungChung\SER\DVDC.Infrastructure\DVDC.Infrastructure.csproj", "{A4B5C6D7-E8F9-0123-DEF0-234567890124}"
EndProject
Project("{FAE04EC0-301F-11D3-BF4B-00C04F79EFBC}") = "DVDC.WebApi", "..\DichVuDungChung\SER\DVDC.WebApi\DVDC.WebApi.csproj", "{A5B6C7D8-E9F0-1234-EF01-345678901235}"
EndProject
Project("{FAE04EC0-301F-11D3-BF4B-00C04F79EFBC}") = "DVDC.Migrator", "..\DichVuDungChung\SER\DVDC.Migrator\DVDC.Migrator.csproj", "{A6B7C8D9-F0E1-2345-F012-456789012346}"
EndProject
Project("{2150E333-8FDC-42A3-9474-1A3956D46DE8}") = "QLDA", "QLDA", "{E2F3A4B5-C6D7-8E9F-0A1B-2C3D4E5F6A7B}"
EndProject
Project("{FAE04EC0-301F-11D3-BF4B-00C04F79EFBC}") = "QLDA.Domain", "..\QuanLyDuAn\SER\QLDA.Domain\QLDA.Domain.csproj", "{B1C2D3E4-F5A6-7890-BCDE-F12345678901}"
EndProject
Project("{FAE04EC0-301F-11D3-BF4B-00C04F79EFBC}") = "QLDA.Application", "..\QuanLyDuAn\SER\QLDA.Application\QLDA.Application.csproj", "{B2C3D4E5-F6A7-8901-CDEF-123456789012}"
EndProject
Project("{FAE04EC0-301F-11D3-BF4B-00C04F79EFBC}") = "QLDA.Persistence", "..\QuanLyDuAn\SER\QLDA.Persistence\QLDA.Persistence.csproj", "{B3C4D5E6-F7A8-9012-DEF0-234567890123}"
EndProject
Project("{FAE04EC0-301F-11D3-BF4B-00C04F79EFBC}") = "QLDA.Infrastructure", "..\QuanLyDuAn\SER\QLDA.Infrastructure\QLDA.Infrastructure.csproj", "{B4C5D6E7-F8A9-0123-EF01-345678901234}"
EndProject
Project("{FAE04EC0-301F-11D3-BF4B-00C04F79EFBC}") = "QLDA.WebApi", "..\QuanLyDuAn\SER\QLDA.WebApi\QLDA.WebApi.csproj", "{B5C6D7E8-F9A0-1234-F012-456789012345}"
EndProject
Project("{FAE04EC0-301F-11D3-BF4B-00C04F79EFBC}") = "QLDA.Migrator", "..\QuanLyDuAn\SER\QLDA.Migrator\QLDA.Migrator.csproj", "{B6C7D8E9-F0A1-2345-0123-567890123456}"
EndProject
Project("{2150E333-8FDC-42A3-9474-1A3956D46DE8}") = "NVTT", "NVTT", "{F3A4B5C6-D7E8-9F0A-1B2C-3D4E5F6A7B8C}"
EndProject
Project("{2150E333-8FDC-42A3-9474-1A3956D46DE8}") = "QLHD", "QLHD", "{4D4FB108-F134-43A3-BF73-CB1253CF603F}"
EndProject
Project("{FAE04EC0-301F-11D3-BF4B-00C04F79EFBC}") = "NVTT.Domain", "..\NhiemVuTrongTam\SER\NVTT.Domain\NVTT.Domain.csproj", "{C1D2E3F4-A5B6-7890-CDEF-123456789012}"
EndProject
Project("{FAE04EC0-301F-11D3-BF4B-00C04F79EFBC}") = "NVTT.Application", "..\NhiemVuTrongTam\SER\NVTT.Application\NVTT.Application.csproj", "{C2D3E4F5-A6B7-8901-DEF0-234567890123}"
EndProject
Project("{FAE04EC0-301F-11D3-BF4B-00C04F79EFBC}") = "NVTT.Persistence", "..\NhiemVuTrongTam\SER\NVTT.Persistence\NVTT.Persistence.csproj", "{C3D4E5F6-A7B8-9012-EF01-345678901234}"
EndProject
Project("{FAE04EC0-301F-11D3-BF4B-00C04F79EFBC}") = "NVTT.Infrastructure", "..\NhiemVuTrongTam\SER\NVTT.Infrastructure\NVTT.Infrastructure.csproj", "{C4D5E6F7-A8B9-0123-F012-456789012345}"
EndProject
Project("{FAE04EC0-301F-11D3-BF4B-00C04F79EFBC}") = "NVTT.WebApi", "..\NhiemVuTrongTam\SER\NVTT.WebApi\NVTT.WebApi.csproj", "{C5D6E7F8-A9B0-1234-0123-567890123456}"
EndProject
Project("{FAE04EC0-301F-11D3-BF4B-00C04F79EFBC}") = "NVTT.Migrator", "..\NhiemVuTrongTam\SER\NVTT.Migrator\NVTT.Migrator.csproj", "{C6D7E8F9-A0B1-2345-1234-678901234567}"
EndProject
Project("{FAE04EC0-301F-11D3-BF4B-00C04F79EFBC}") = "QLHD.Domain", "modules\QLHD\QLHD.Domain\QLHD.Domain.csproj", "{B335CE1D-D6A7-4F2B-A043-8BDB328B5482}"
EndProject
Project("{FAE04EC0-301F-11D3-BF4B-00C04F79EFBC}") = "QLHD.Application", "modules\QLHD\QLHD.Application\QLHD.Application.csproj", "{19F9BA91-B607-47CE-B375-AA305092AA91}"
EndProject
Project("{FAE04EC0-301F-11D3-BF4B-00C04F79EFBC}") = "QLHD.Persistence", "modules\QLHD\QLHD.Persistence\QLHD.Persistence.csproj", "{0A15600B-66F9-4820-A604-A3541BC4466D}"
EndProject
Project("{FAE04EC0-301F-11D3-BF4B-00C04F79EFBC}") = "QLHD.Infrastructure", "modules\QLHD\QLHD.Infrastructure\QLHD.Infrastructure.csproj", "{3D539514-8B0D-4E58-BC47-04F3D87FD696}"
EndProject
Project("{FAE04EC0-301F-11D3-BF4B-00C04F79EFBC}") = "QLHD.WebApi", "modules\QLHD\QLHD.WebApi\QLHD.WebApi.csproj", "{A9AD5AA4-84A1-48FD-93FE-606A68A28C7C}"
EndProject
Project("{FAE04EC0-301F-11D3-BF4B-00C04F79EFBC}") = "QLHD.Migrator", "modules\QLHD\QLHD.Migrator\QLHD.Migrator.csproj", "{27BFA306-E6F2-4C01-856D-5AB1E904BDD1}"
EndProject
Global
	GlobalSection(SolutionConfigurationPlatforms) = preSolution
		Debug|Any CPU = Debug|Any CPU
		Release|Any CPU = Release|Any CPU
	EndGlobalSection
	GlobalSection(ProjectConfigurationPlatforms) = postSolution
		{C94C5CC2-7816-2076-2FE0-BA0AFEFB4332}.Debug|Any CPU.ActiveCfg = Debug|Any CPU
		{C94C5CC2-7816-2076-2FE0-BA0AFEFB4332}.Debug|Any CPU.Build.0 = Debug|Any CPU
		{C94C5CC2-7816-2076-2FE0-BA0AFEFB4332}.Release|Any CPU.ActiveCfg = Release|Any CPU
		{C94C5CC2-7816-2076-2FE0-BA0AFEFB4332}.Release|Any CPU.Build.0 = Release|Any CPU
		{23326F2B-BD93-DFD6-BDBE-B5480DD7DBB0}.Debug|Any CPU.ActiveCfg = Debug|Any CPU
		{23326F2B-BD93-DFD6-BDBE-B5480DD7DBB0}.Debug|Any CPU.Build.0 = Debug|Any CPU
		{23326F2B-BD93-DFD6-BDBE-B5480DD7DBB0}.Release|Any CPU.ActiveCfg = Release|Any CPU
		{23326F2B-BD93-DFD6-BDBE-B5480DD7DBB0}.Release|Any CPU.Build.0 = Release|Any CPU
		{738DBA8B-1E62-EA99-91EF-DA0B585CC211}.Debug|Any CPU.ActiveCfg = Debug|Any CPU
		{738DBA8B-1E62-EA99-91EF-DA0B585CC211}.Debug|Any CPU.Build.0 = Debug|Any CPU
		{738DBA8B-1E62-EA99-91EF-DA0B585CC211}.Release|Any CPU.ActiveCfg = Release|Any CPU
		{738DBA8B-1E62-EA99-91EF-DA0B585CC211}.Release|Any CPU.Build.0 = Release|Any CPU
		{C5799F08-E1BD-617B-613A-8E494769E3B8}.Debug|Any CPU.ActiveCfg = Debug|Any CPU
		{C5799F08-E1BD-617B-613A-8E494769E3B8}.Debug|Any CPU.Build.0 = Debug|Any CPU
		{C5799F08-E1BD-617B-613A-8E494769E3B8}.Release|Any CPU.ActiveCfg = Release|Any CPU
		{C5799F08-E1BD-617B-613A-8E494769E3B8}.Release|Any CPU.Build.0 = Release|Any CPU
		{7BE1331D-2160-DE0E-D423-97F58797FECC}.Debug|Any CPU.ActiveCfg = Debug|Any CPU
		{7BE1331D-2160-DE0E-D423-97F58797FECC}.Debug|Any CPU.Build.0 = Debug|Any CPU
		{7BE1331D-2160-DE0E-D423-97F58797FECC}.Release|Any CPU.ActiveCfg = Release|Any CPU
		{7BE1331D-2160-DE0E-D423-97F58797FECC}.Release|Any CPU.Build.0 = Release|Any CPU
		{D5DEA6B0-3371-AAFC-5EB0-6B15A65EE263}.Debug|Any CPU.ActiveCfg = Debug|Any CPU
		{D5DEA6B0-3371-AAFC-5EB0-6B15A65EE263}.Debug|Any CPU.Build.0 = Debug|Any CPU
		{D5DEA6B0-3371-AAFC-5EB0-6B15A65EE263}.Release|Any CPU.ActiveCfg = Release|Any CPU
		{D5DEA6B0-3371-AAFC-5EB0-6B15A65EE263}.Release|Any CPU.Build.0 = Release|Any CPU
		{A1B2C3D4-E5F6-7890-ABCD-EF1234567891}.Debug|Any CPU.ActiveCfg = Debug|Any CPU
		{A1B2C3D4-E5F6-7890-ABCD-EF1234567891}.Debug|Any CPU.Build.0 = Debug|Any CPU
		{A1B2C3D4-E5F6-7890-ABCD-EF1234567891}.Release|Any CPU.ActiveCfg = Release|Any CPU
		{A1B2C3D4-E5F6-7890-ABCD-EF1234567891}.Release|Any CPU.Build.0 = Release|Any CPU
		{A2B3C4D5-E6F7-8901-BCDE-F12345678902}.Debug|Any CPU.ActiveCfg = Debug|Any CPU
		{A2B3C4D5-E6F7-8901-BCDE-F12345678902}.Debug|Any CPU.Build.0 = Debug|Any CPU
		{A2B3C4D5-E6F7-8901-BCDE-F12345678902}.Release|Any CPU.ActiveCfg = Release|Any CPU
		{A2B3C4D5-E6F7-8901-BCDE-F12345678902}.Release|Any CPU.Build.0 = Release|Any CPU
		{A3B4C5D6-E7F8-9012-CDEF-123456789013}.Debug|Any CPU.ActiveCfg = Debug|Any CPU
		{A3B4C5D6-E7F8-9012-CDEF-123456789013}.Debug|Any CPU.Build.0 = Debug|Any CPU
		{A3B4C5D6-E7F8-9012-CDEF-123456789013}.Release|Any CPU.ActiveCfg = Release|Any CPU
		{A3B4C5D6-E7F8-9012-CDEF-123456789013}.Release|Any CPU.Build.0 = Release|Any CPU
		{A4B5C6D7-E8F9-0123-DEF0-234567890124}.Debug|Any CPU.ActiveCfg = Debug|Any CPU
		{A4B5C6D7-E8F9-0123-DEF0-234567890124}.Debug|Any CPU.Build.0 = Debug|Any CPU
		{A4B5C6D7-E8F9-0123-DEF0-234567890124}.Release|Any CPU.ActiveCfg = Release|Any CPU
		{A4B5C6D7-E8F9-0123-DEF0-234567890124}.Release|Any CPU.Build.0 = Release|Any CPU
		{A5B6C7D8-E9F0-1234-EF01-345678901235}.Debug|Any CPU.ActiveCfg = Debug|Any CPU
		{A5B6C7D8-E9F0-1234-EF01-345678901235}.Debug|Any CPU.Build.0 = Debug|Any CPU
		{A5B6C7D8-E9F0-1234-EF01-345678901235}.Release|Any CPU.ActiveCfg = Release|Any CPU
		{A5B6C7D8-E9F0-1234-EF01-345678901235}.Release|Any CPU.Build.0 = Release|Any CPU
		{A6B7C8D9-F0E1-2345-F012-456789012346}.Debug|Any CPU.ActiveCfg = Debug|Any CPU
		{A6B7C8D9-F0E1-2345-F012-456789012346}.Debug|Any CPU.Build.0 = Debug|Any CPU
		{A6B7C8D9-F0E1-2345-F012-456789012346}.Release|Any CPU.ActiveCfg = Release|Any CPU
		{A6B7C8D9-F0E1-2345-F012-456789012346}.Release|Any CPU.Build.0 = Release|Any CPU
		{B1C2D3E4-F5A6-7890-BCDE-F12345678901}.Debug|Any CPU.ActiveCfg = Debug|Any CPU
		{B1C2D3E4-F5A6-7890-BCDE-F12345678901}.Debug|Any CPU.Build.0 = Debug|Any CPU
		{B1C2D3E4-F5A6-7890-BCDE-F12345678901}.Release|Any CPU.ActiveCfg = Release|Any CPU
		{B1C2D3E4-F5A6-7890-BCDE-F12345678901}.Release|Any CPU.Build.0 = Release|Any CPU
		{B2C3D4E5-F6A7-8901-CDEF-123456789012}.Debug|Any CPU.ActiveCfg = Debug|Any CPU
		{B2C3D4E5-F6A7-8901-CDEF-123456789012}.Debug|Any CPU.Build.0 = Debug|Any CPU
		{B2C3D4E5-F6A7-8901-CDEF-123456789012}.Release|Any CPU.ActiveCfg = Release|Any CPU
		{B2C3D4E5-F6A7-8901-CDEF-123456789012}.Release|Any CPU.Build.0 = Release|Any CPU
		{B3C4D5E6-F7A8-9012-DEF0-234567890123}.Debug|Any CPU.ActiveCfg = Debug|Any CPU
		{B3C4D5E6-F7A8-9012-DEF0-234567890123}.Debug|Any CPU.Build.0 = Debug|Any CPU
		{B3C4D5E6-F7A8-9012-DEF0-234567890123}.Release|Any CPU.ActiveCfg = Release|Any CPU
		{B3C4D5E6-F7A8-9012-DEF0-234567890123}.Release|Any CPU.Build.0 = Release|Any CPU
		{B4C5D6E7-F8A9-0123-EF01-345678901234}.Debug|Any CPU.ActiveCfg = Debug|Any CPU
		{B4C5D6E7-F8A9-0123-EF01-345678901234}.Debug|Any CPU.Build.0 = Debug|Any CPU
		{B4C5D6E7-F8A9-0123-EF01-345678901234}.Release|Any CPU.ActiveCfg = Release|Any CPU
		{B4C5D6E7-F8A9-0123-EF01-345678901234}.Release|Any CPU.Build.0 = Release|Any CPU
		{B5C6D7E8-F9A0-1234-F012-456789012345}.Debug|Any CPU.ActiveCfg = Debug|Any CPU
		{B5C6D7E8-F9A0-1234-F012-456789012345}.Debug|Any CPU.Build.0 = Debug|Any CPU
		{B5C6D7E8-F9A0-1234-F012-456789012345}.Release|Any CPU.ActiveCfg = Release|Any CPU
		{B5C6D7E8-F9A0-1234-F012-456789012345}.Release|Any CPU.Build.0 = Release|Any CPU
		{B6C7D8E9-F0A1-2345-0123-567890123456}.Debug|Any CPU.ActiveCfg = Debug|Any CPU
		{B6C7D8E9-F0A1-2345-0123-567890123456}.Debug|Any CPU.Build.0 = Debug|Any CPU
		{B6C7D8E9-F0A1-2345-0123-567890123456}.Release|Any CPU.ActiveCfg = Release|Any CPU
		{B6C7D8E9-F0A1-2345-0123-567890123456}.Release|Any CPU.Build.0 = Release|Any CPU
		{C1D2E3F4-A5B6-7890-CDEF-123456789012}.Debug|Any CPU.ActiveCfg = Debug|Any CPU
		{C1D2E3F4-A5B6-7890-CDEF-123456789012}.Debug|Any CPU.Build.0 = Debug|Any CPU
		{C1D2E3F4-A5B6-7890-CDEF-123456789012}.Release|Any CPU.ActiveCfg = Release|Any CPU
		{C1D2E3F4-A5B6-7890-CDEF-123456789012}.Release|Any CPU.Build.0 = Release|Any CPU
		{C2D3E4F5-A6B7-8901-DEF0-234567890123}.Debug|Any CPU.ActiveCfg = Debug|Any CPU
		{C2D3E4F5-A6B7-8901-DEF0-234567890123}.Debug|Any CPU.Build.0 = Debug|Any CPU
		{C2D3E4F5-A6B7-8901-DEF0-234567890123}.Release|Any CPU.ActiveCfg = Release|Any CPU
		{C2D3E4F5-A6B7-8901-DEF0-234567890123}.Release|Any CPU.Build.0 = Release|Any CPU
		{C3D4E5F6-A7B8-9012-EF01-345678901234}.Debug|Any CPU.ActiveCfg = Debug|Any CPU
		{C3D4E5F6-A7B8-9012-EF01-345678901234}.Debug|Any CPU.Build.0 = Debug|Any CPU
		{C3D4E5F6-A7B8-9012-EF01-345678901234}.Release|Any CPU.ActiveCfg = Release|Any CPU
		{C3D4E5F6-A7B8-9012-EF01-345678901234}.Release|Any CPU.Build.0 = Release|Any CPU
		{C4D5E6F7-A8B9-0123-F012-456789012345}.Debug|Any CPU.ActiveCfg = Debug|Any CPU
		{C4D5E6F7-A8B9-0123-F012-456789012345}.Debug|Any CPU.Build.0 = Debug|Any CPU
		{C4D5E6F7-A8B9-0123-F012-456789012345}.Release|Any CPU.ActiveCfg = Release|Any CPU
		{C4D5E6F7-A8B9-0123-F012-456789012345}.Release|Any CPU.Build.0 = Release|Any CPU
		{C5D6E7F8-A9B0-1234-0123-567890123456}.Debug|Any CPU.ActiveCfg = Debug|Any CPU
		{C5D6E7F8-A9B0-1234-0123-567890123456}.Debug|Any CPU.Build.0 = Debug|Any CPU
		{C5D6E7F8-A9B0-1234-0123-567890123456}.Release|Any CPU.ActiveCfg = Release|Any CPU
		{C5D6E7F8-A9B0-1234-0123-567890123456}.Release|Any CPU.Build.0 = Release|Any CPU
		{C6D7E8F9-A0B1-2345-1234-678901234567}.Debug|Any CPU.ActiveCfg = Debug|Any CPU
		{C6D7E8F9-A0B1-2345-1234-678901234567}.Debug|Any CPU.Build.0 = Debug|Any CPU
		{C6D7E8F9-A0B1-2345-1234-678901234567}.Release|Any CPU.ActiveCfg = Release|Any CPU
		{C6D7E8F9-A0B1-2345-1234-678901234567}.Release|Any CPU.Build.0 = Release|Any CPU
		{B335CE1D-D6A7-4F2B-A043-8BDB328B5482}.Debug|Any CPU.ActiveCfg = Debug|Any CPU
		{B335CE1D-D6A7-4F2B-A043-8BDB328B5482}.Debug|Any CPU.Build.0 = Debug|Any CPU
		{B335CE1D-D6A7-4F2B-A043-8BDB328B5482}.Release|Any CPU.ActiveCfg = Release|Any CPU
		{B335CE1D-D6A7-4F2B-A043-8BDB328B5482}.Release|Any CPU.Build.0 = Release|Any CPU
		{19F9BA91-B607-47CE-B375-AA305092AA91}.Debug|Any CPU.ActiveCfg = Debug|Any CPU
		{19F9BA91-B607-47CE-B375-AA305092AA91}.Debug|Any CPU.Build.0 = Debug|Any CPU
		{19F9BA91-B607-47CE-B375-AA305092AA91}.Release|Any CPU.ActiveCfg = Release|Any CPU
		{19F9BA91-B607-47CE-B375-AA305092AA91}.Release|Any CPU.Build.0 = Release|Any CPU
		{0A15600B-66F9-4820-A604-A3541BC4466D}.Debug|Any CPU.ActiveCfg = Debug|Any CPU
		{0A15600B-66F9-4820-A604-A3541BC4466D}.Debug|Any CPU.Build.0 = Debug|Any CPU
		{0A15600B-66F9-4820-A604-A3541BC4466D}.Release|Any CPU.ActiveCfg = Release|Any CPU
		{0A15600B-66F9-4820-A604-A3541BC4466D}.Release|Any CPU.Build.0 = Release|Any CPU
		{3D539514-8B0D-4E58-BC47-04F3D87FD696}.Debug|Any CPU.ActiveCfg = Debug|Any CPU
		{3D539514-8B0D-4E58-BC47-04F3D87FD696}.Debug|Any CPU.Build.0 = Debug|Any CPU
		{3D539514-8B0D-4E58-BC47-04F3D87FD696}.Release|Any CPU.ActiveCfg = Release|Any CPU
		{3D539514-8B0D-4E58-BC47-04F3D87FD696}.Release|Any CPU.Build.0 = Release|Any CPU
		{A9AD5AA4-84A1-48FD-93FE-606A68A28C7C}.Debug|Any CPU.ActiveCfg = Debug|Any CPU
		{A9AD5AA4-84A1-48FD-93FE-606A68A28C7C}.Debug|Any CPU.Build.0 = Debug|Any CPU
		{A9AD5AA4-84A1-48FD-93FE-606A68A28C7C}.Release|Any CPU.ActiveCfg = Release|Any CPU
		{A9AD5AA4-84A1-48FD-93FE-606A68A28C7C}.Release|Any CPU.Build.0 = Release|Any CPU
		{27BFA306-E6F2-4C01-856D-5AB1E904BDD1}.Debug|Any CPU.ActiveCfg = Debug|Any CPU
		{27BFA306-E6F2-4C01-856D-5AB1E904BDD1}.Debug|Any CPU.Build.0 = Debug|Any CPU
		{27BFA306-E6F2-4C01-856D-5AB1E904BDD1}.Release|Any CPU.ActiveCfg = Release|Any CPU
		{27BFA306-E6F2-4C01-856D-5AB1E904BDD1}.Release|Any CPU.Build.0 = Release|Any CPU
		{E1F2A3B4-C5D6-7890-ABCD-EF123456789A}.Debug|Any CPU.ActiveCfg = Debug|Any CPU
		{E1F2A3B4-C5D6-7890-ABCD-EF123456789A}.Debug|Any CPU.Build.0 = Debug|Any CPU
		{E1F2A3B4-C5D6-7890-ABCD-EF123456789A}.Release|Any CPU.ActiveCfg = Release|Any CPU
		{E1F2A3B4-C5D6-7890-ABCD-EF123456789A}.Release|Any CPU.Build.0 = Release|Any CPU
	EndGlobalSection
	GlobalSection(SolutionProperties) = preSolution
		HideSolutionNode = FALSE
	EndGlobalSection
	GlobalSection(NestedProjects) = preSolution
		{C94C5CC2-7816-2076-2FE0-BA0AFEFB4332} = {827E0CD3-B72D-47B6-A68D-7590B98EB39B}
		{23326F2B-BD93-DFD6-BDBE-B5480DD7DBB0} = {827E0CD3-B72D-47B6-A68D-7590B98EB39B}
		{738DBA8B-1E62-EA99-91EF-DA0B585CC211} = {827E0CD3-B72D-47B6-A68D-7590B98EB39B}
		{C5799F08-E1BD-617B-613A-8E494769E3B8} = {827E0CD3-B72D-47B6-A68D-7590B98EB39B}
		{7BE1331D-2160-DE0E-D423-97F58797FECC} = {827E0CD3-B72D-47B6-A68D-7590B98EB39B}
		{6FFD21C0-DA4E-B981-CA12-13A2BA80B67B} = {0AB3BF05-4346-4AA6-1389-037BE0695223}
		{D5DEA6B0-3371-AAFC-5EB0-6B15A65EE263} = {6FFD21C0-DA4E-B981-CA12-13A2BA80B67B}
		{E1F2A3B4-C5D6-7890-ABCD-EF123456789A} = {0AB3BF05-4346-4AA6-1389-037BE0695223}
		{D1E2F3A4-B5C6-7D8E-9F0A-1B2C3D4E5F6A} = {E9E94AA6-573E-4D3C-B69D-A7426A040983}
		{A1B2C3D4-E5F6-7890-ABCD-EF1234567891} = {D1E2F3A4-B5C6-7D8E-9F0A-1B2C3D4E5F6A}
		{A2B3C4D5-E6F7-8901-BCDE-F12345678902} = {D1E2F3A4-B5C6-7D8E-9F0A-1B2C3D4E5F6A}
		{A3B4C5D6-E7F8-9012-CDEF-123456789013} = {D1E2F3A4-B5C6-7D8E-9F0A-1B2C3D4E5F6A}
		{A4B5C6D7-E8F9-0123-DEF0-234567890124} = {D1E2F3A4-B5C6-7D8E-9F0A-1B2C3D4E5F6A}
		{A5B6C7D8-E9F0-1234-EF01-345678901235} = {D1E2F3A4-B5C6-7D8E-9F0A-1B2C3D4E5F6A}
		{A6B7C8D9-F0E1-2345-F012-456789012346} = {D1E2F3A4-B5C6-7D8E-9F0A-1B2C3D4E5F6A}
		{E2F3A4B5-C6D7-8E9F-0A1B-2C3D4E5F6A7B} = {E9E94AA6-573E-4D3C-B69D-A7426A040983}
		{B1C2D3E4-F5A6-7890-BCDE-F12345678901} = {E2F3A4B5-C6D7-8E9F-0A1B-2C3D4E5F6A7B}
		{B2C3D4E5-F6A7-8901-CDEF-123456789012} = {E2F3A4B5-C6D7-8E9F-0A1B-2C3D4E5F6A7B}
		{B3C4D5E6-F7A8-9012-DEF0-234567890123} = {E2F3A4B5-C6D7-8E9F-0A1B-2C3D4E5F6A7B}
		{B4C5D6E7-F8A9-0123-EF01-345678901234} = {E2F3A4B5-C6D7-8E9F-0A1B-2C3D4E5F6A7B}
		{B5C6D7E8-F9A0-1234-F012-456789012345} = {E2F3A4B5-C6D7-8E9F-0A1B-2C3D4E5F6A7B}
		{B6C7D8E9-F0A1-2345-0123-567890123456} = {E2F3A4B5-C6D7-8E9F-0A1B-2C3D4E5F6A7B}
		{F3A4B5C6-D7E8-9F0A-1B2C-3D4E5F6A7B8C} = {E9E94AA6-573E-4D3C-B69D-A7426A040983}
		{C1D2E3F4-A5B6-7890-CDEF-123456789012} = {F3A4B5C6-D7E8-9F0A-1B2C-3D4E5F6A7B8C}
		{C2D3E4F5-A6B7-8901-DEF0-234567890123} = {F3A4B5C6-D7E8-9F0A-1B2C-3D4E5F6A7B8C}
		{C3D4E5F6-A7B8-9012-EF01-345678901234} = {F3A4B5C6-D7E8-9F0A-1B2C-3D4E5F6A7B8C}
		{C4D5E6F7-A8B9-0123-F012-456789012345} = {F3A4B5C6-D7E8-9F0A-1B2C-3D4E5F6A7B8C}
		{C5D6E7F8-A9B0-1234-0123-567890123456} = {F3A4B5C6-D7E8-9F0A-1B2C-3D4E5F6A7B8C}
		{C6D7E8F9-A0B1-2345-1234-678901234567} = {F3A4B5C6-D7E8-9F0A-1B2C-3D4E5F6A7B8C}
		{4D4FB108-F134-43A3-BF73-CB1253CF603F} = {E9E94AA6-573E-4D3C-B69D-A7426A040983}
		{B335CE1D-D6A7-4F2B-A043-8BDB328B5482} = {4D4FB108-F134-43A3-BF73-CB1253CF603F}
		{19F9BA91-B607-47CE-B375-AA305092AA91} = {4D4FB108-F134-43A3-BF73-CB1253CF603F}
		{0A15600B-66F9-4820-A604-A3541BC4466D} = {4D4FB108-F134-43A3-BF73-CB1253CF603F}
		{3D539514-8B0D-4E58-BC47-04F3D87FD696} = {4D4FB108-F134-43A3-BF73-CB1253CF603F}
		{A9AD5AA4-84A1-48FD-93FE-606A68A28C7C} = {4D4FB108-F134-43A3-BF73-CB1253CF603F}
		{27BFA306-E6F2-4C01-856D-5AB1E904BDD1} = {4D4FB108-F134-43A3-BF73-CB1253CF603F}
	EndGlobalSection
	GlobalSection(ExtensibilityGlobals) = postSolution
		SolutionGuid = {123F6B46-FB16-400B-BAFE-427E1684C02A}
	EndGlobalSection
EndGlobal
